// !$*UTF8*$!
{
	archiveVersion = 1;
	classes = {
	};
	objectVersion = 46;
	objects = {

/* Begin PBXBuildFile section */
		565FB4521F1B50B200FA5DF1 /* AppDelegate.swift in Sources */ = {isa = PBXBuildFile; fileRef = 565FB4511F1B50B200FA5DF1 /* AppDelegate.swift */; };
		565FB4591F1B50B200FA5DF1 /* Main.storyboard in Resources */ = {isa = PBXBuildFile; fileRef = 565FB4571F1B50B200FA5DF1 /* Main.storyboard */; };
		565FB45B1F1B50B200FA5DF1 /* Assets.xcassets in Resources */ = {isa = PBXBuildFile; fileRef = 565FB45A1F1B50B200FA5DF1 /* Assets.xcassets */; };
		565FB45E1F1B50B200FA5DF1 /* LaunchScreen.storyboard in Resources */ = {isa = PBXBuildFile; fileRef = 565FB45C1F1B50B200FA5DF1 /* LaunchScreen.storyboard */; };
		565FB4691F1B50B200FA5DF1 /* movie_list_tmdbTests.swift in Sources */ = {isa = PBXBuildFile; fileRef = 565FB4681F1B50B200FA5DF1 /* movie_list_tmdbTests.swift */; };
		565FB4741F1B50B200FA5DF1 /* movie_list_tmdbUITests.swift in Sources */ = {isa = PBXBuildFile; fileRef = 565FB4731F1B50B200FA5DF1 /* movie_list_tmdbUITests.swift */; };
		565FB4831F1B5DA200FA5DF1 /* RootRouter.swift in Sources */ = {isa = PBXBuildFile; fileRef = 565FB4821F1B5DA200FA5DF1 /* RootRouter.swift */; };
		565FB4881F1B5E1D00FA5DF1 /* Movie.swift in Sources */ = {isa = PBXBuildFile; fileRef = 565FB4871F1B5E1D00FA5DF1 /* Movie.swift */; };
		565FB48B1F1B656900FA5DF1 /* Genre.swift in Sources */ = {isa = PBXBuildFile; fileRef = 565FB48A1F1B656900FA5DF1 /* Genre.swift */; };
		565FB4931F1B756900FA5DF1 /* MovieListTableViewController.swift in Sources */ = {isa = PBXBuildFile; fileRef = 565FB4921F1B756900FA5DF1 /* MovieListTableViewController.swift */; };
		565FB4951F1B77CF00FA5DF1 /* MovieTableViewCell.swift in Sources */ = {isa = PBXBuildFile; fileRef = 565FB4941F1B77CF00FA5DF1 /* MovieTableViewCell.swift */; };
		565FB4991F1B79A900FA5DF1 /* Constants.swift in Sources */ = {isa = PBXBuildFile; fileRef = 565FB4981F1B79A900FA5DF1 /* Constants.swift */; };
		565FB49C1F1B7BD200FA5DF1 /* MovieResponse.swift in Sources */ = {isa = PBXBuildFile; fileRef = 565FB49B1F1B7BD200FA5DF1 /* MovieResponse.swift */; };
		565FB49E1F1B9ACE00FA5DF1 /* MovieListProtocol.swift in Sources */ = {isa = PBXBuildFile; fileRef = 565FB49D1F1B9ACE00FA5DF1 /* MovieListProtocol.swift */; };
		565FB4A01F1B9B5400FA5DF1 /* MovieListInteractor.swift in Sources */ = {isa = PBXBuildFile; fileRef = 565FB49F1F1B9B5400FA5DF1 /* MovieListInteractor.swift */; };
		565FB4A31F1B9D6500FA5DF1 /* MovieListWireFrame.swift in Sources */ = {isa = PBXBuildFile; fileRef = 565FB4A21F1B9D6500FA5DF1 /* MovieListWireFrame.swift */; };
		565FB4A51F1BA0A900FA5DF1 /* MovieListPresenter.swift in Sources */ = {isa = PBXBuildFile; fileRef = 565FB4A41F1BA0A900FA5DF1 /* MovieListPresenter.swift */; };
		565FB4A81F1BA21800FA5DF1 /* MovieListRemoteDataManager.swift in Sources */ = {isa = PBXBuildFile; fileRef = 565FB4A71F1BA21800FA5DF1 /* MovieListRemoteDataManager.swift */; };
		565FB4B01F1BCDA700FA5DF1 /* MovieDetailPresenter.swift in Sources */ = {isa = PBXBuildFile; fileRef = 565FB4AF1F1BCDA700FA5DF1 /* MovieDetailPresenter.swift */; };
		565FB4B21F1BCDEB00FA5DF1 /* MovieDetailViewProtocol.swift in Sources */ = {isa = PBXBuildFile; fileRef = 565FB4B11F1BCDEB00FA5DF1 /* MovieDetailViewProtocol.swift */; };
		565FB4B41F1BCE6A00FA5DF1 /* MovieDetailView.swift in Sources */ = {isa = PBXBuildFile; fileRef = 565FB4B31F1BCE6A00FA5DF1 /* MovieDetailView.swift */; };
		565FB4B61F1BCEC700FA5DF1 /* MovieDetailWireFrame.swift in Sources */ = {isa = PBXBuildFile; fileRef = 565FB4B51F1BCEC700FA5DF1 /* MovieDetailWireFrame.swift */; };
		565FB4B81F1BCF5E00FA5DF1 /* MovieDetail.storyboard in Resources */ = {isa = PBXBuildFile; fileRef = 565FB4B71F1BCF5E00FA5DF1 /* MovieDetail.storyboard */; };
		565FB4BA1F1BD49E00FA5DF1 /* GenreManager.swift in Sources */ = {isa = PBXBuildFile; fileRef = 565FB4B91F1BD49E00FA5DF1 /* GenreManager.swift */; };
		565FB4BE1F1BDEC900FA5DF1 /* Booking.storyboard in Resources */ = {isa = PBXBuildFile; fileRef = 565FB4BD1F1BDEC900FA5DF1 /* Booking.storyboard */; };
		565FB4C01F1BDEEB00FA5DF1 /* BookingViewController.swift in Sources */ = {isa = PBXBuildFile; fileRef = 565FB4BF1F1BDEEB00FA5DF1 /* BookingViewController.swift */; };
		565FB4C31F1BE10500FA5DF1 /* BookingWireFrame.swift in Sources */ = {isa = PBXBuildFile; fileRef = 565FB4C21F1BE10500FA5DF1 /* BookingWireFrame.swift */; };
		565FB4C61F1BE14700FA5DF1 /* BookingProtocol.swift in Sources */ = {isa = PBXBuildFile; fileRef = 565FB4C51F1BE14700FA5DF1 /* BookingProtocol.swift */; };
		8281B0F8B8B130B9F9F2E2C7 /* Pods_movie_list_tmdbTests.framework in Frameworks */ = {isa = PBXBuildFile; fileRef = 45DE7E6F52D79D5CAEA1A4BF /* Pods_movie_list_tmdbTests.framework */; };
		C8E79D12BCEBEA8C044460BC /* Pods_movie_list_tmdb.framework in Frameworks */ = {isa = PBXBuildFile; fileRef = FF0CF303CE67D11C584189BC /* Pods_movie_list_tmdb.framework */; };
		E192CCC5719719F7B659FC9E /* Pods_movie_list_tmdbUITests.framework in Frameworks */ = {isa = PBXBuildFile; fileRef = 392949A8A06CFB38492FD289 /* Pods_movie_list_tmdbUITests.framework */; };
/* End PBXBuildFile section */

/* Begin PBXContainerItemProxy section */
		565FB4651F1B50B200FA5DF1 /* PBXContainerItemProxy */ = {
			isa = PBXContainerItemProxy;
			containerPortal = 565FB4461F1B50B200FA5DF1 /* Project object */;
			proxyType = 1;
			remoteGlobalIDString = 565FB44D1F1B50B200FA5DF1;
			remoteInfo = "movie-list-tmdb";
		};
		565FB4701F1B50B200FA5DF1 /* PBXContainerItemProxy */ = {
			isa = PBXContainerItemProxy;
			containerPortal = 565FB4461F1B50B200FA5DF1 /* Project object */;
			proxyType = 1;
			remoteGlobalIDString = 565FB44D1F1B50B200FA5DF1;
			remoteInfo = "movie-list-tmdb";
		};
/* End PBXContainerItemProxy section */

/* Begin PBXFileReference section */
		0FADD22FDCD371D9493522D2 /* Pods-movie-list-tmdbTests.debug.xcconfig */ = {isa = PBXFileReference; includeInIndex = 1; lastKnownFileType = text.xcconfig; name = "Pods-movie-list-tmdbTests.debug.xcconfig"; path = "Pods/Target Support Files/Pods-movie-list-tmdbTests/Pods-movie-list-tmdbTests.debug.xcconfig"; sourceTree = "<group>"; };
		144081635459364A3FE8C2EF /* Pods-movie-list-tmdbUITests.release.xcconfig */ = {isa = PBXFileReference; includeInIndex = 1; lastKnownFileType = text.xcconfig; name = "Pods-movie-list-tmdbUITests.release.xcconfig"; path = "Pods/Target Support Files/Pods-movie-list-tmdbUITests/Pods-movie-list-tmdbUITests.release.xcconfig"; sourceTree = "<group>"; };
		392949A8A06CFB38492FD289 /* Pods_movie_list_tmdbUITests.framework */ = {isa = PBXFileReference; explicitFileType = wrapper.framework; includeInIndex = 0; path = Pods_movie_list_tmdbUITests.framework; sourceTree = BUILT_PRODUCTS_DIR; };
		45DE7E6F52D79D5CAEA1A4BF /* Pods_movie_list_tmdbTests.framework */ = {isa = PBXFileReference; explicitFileType = wrapper.framework; includeInIndex = 0; path = Pods_movie_list_tmdbTests.framework; sourceTree = BUILT_PRODUCTS_DIR; };
		565FB44E1F1B50B200FA5DF1 /* movie-list-tmdb.app */ = {isa = PBXFileReference; explicitFileType = wrapper.application; includeInIndex = 0; path = "movie-list-tmdb.app"; sourceTree = BUILT_PRODUCTS_DIR; };
		565FB4511F1B50B200FA5DF1 /* AppDelegate.swift */ = {isa = PBXFileReference; lastKnownFileType = sourcecode.swift; path = AppDelegate.swift; sourceTree = "<group>"; };
		565FB4581F1B50B200FA5DF1 /* Base */ = {isa = PBXFileReference; lastKnownFileType = file.storyboard; name = Base; path = Base.lproj/Main.storyboard; sourceTree = "<group>"; };
		565FB45A1F1B50B200FA5DF1 /* Assets.xcassets */ = {isa = PBXFileReference; lastKnownFileType = folder.assetcatalog; path = Assets.xcassets; sourceTree = "<group>"; };
		565FB45D1F1B50B200FA5DF1 /* Base */ = {isa = PBXFileReference; lastKnownFileType = file.storyboard; name = Base; path = Base.lproj/LaunchScreen.storyboard; sourceTree = "<group>"; };
		565FB45F1F1B50B200FA5DF1 /* Info.plist */ = {isa = PBXFileReference; lastKnownFileType = text.plist.xml; path = Info.plist; sourceTree = "<group>"; };
		565FB4641F1B50B200FA5DF1 /* movie-list-tmdbTests.xctest */ = {isa = PBXFileReference; explicitFileType = wrapper.cfbundle; includeInIndex = 0; path = "movie-list-tmdbTests.xctest"; sourceTree = BUILT_PRODUCTS_DIR; };
		565FB4681F1B50B200FA5DF1 /* movie_list_tmdbTests.swift */ = {isa = PBXFileReference; lastKnownFileType = sourcecode.swift; path = movie_list_tmdbTests.swift; sourceTree = "<group>"; };
		565FB46A1F1B50B200FA5DF1 /* Info.plist */ = {isa = PBXFileReference; lastKnownFileType = text.plist.xml; path = Info.plist; sourceTree = "<group>"; };
		565FB46F1F1B50B200FA5DF1 /* movie-list-tmdbUITests.xctest */ = {isa = PBXFileReference; explicitFileType = wrapper.cfbundle; includeInIndex = 0; path = "movie-list-tmdbUITests.xctest"; sourceTree = BUILT_PRODUCTS_DIR; };
		565FB4731F1B50B200FA5DF1 /* movie_list_tmdbUITests.swift */ = {isa = PBXFileReference; lastKnownFileType = sourcecode.swift; path = movie_list_tmdbUITests.swift; sourceTree = "<group>"; };
		565FB4751F1B50B200FA5DF1 /* Info.plist */ = {isa = PBXFileReference; lastKnownFileType = text.plist.xml; path = Info.plist; sourceTree = "<group>"; };
		565FB4821F1B5DA200FA5DF1 /* RootRouter.swift */ = {isa = PBXFileReference; fileEncoding = 4; lastKnownFileType = sourcecode.swift; path = RootRouter.swift; sourceTree = "<group>"; };
		565FB4871F1B5E1D00FA5DF1 /* Movie.swift */ = {isa = PBXFileReference; fileEncoding = 4; lastKnownFileType = sourcecode.swift; path = Movie.swift; sourceTree = "<group>"; };
		565FB48A1F1B656900FA5DF1 /* Genre.swift */ = {isa = PBXFileReference; fileEncoding = 4; lastKnownFileType = sourcecode.swift; path = Genre.swift; sourceTree = "<group>"; };
		565FB4921F1B756900FA5DF1 /* MovieListTableViewController.swift */ = {isa = PBXFileReference; fileEncoding = 4; lastKnownFileType = sourcecode.swift; path = MovieListTableViewController.swift; sourceTree = "<group>"; };
		565FB4941F1B77CF00FA5DF1 /* MovieTableViewCell.swift */ = {isa = PBXFileReference; fileEncoding = 4; lastKnownFileType = sourcecode.swift; path = MovieTableViewCell.swift; sourceTree = "<group>"; };
		565FB4981F1B79A900FA5DF1 /* Constants.swift */ = {isa = PBXFileReference; fileEncoding = 4; lastKnownFileType = sourcecode.swift; path = Constants.swift; sourceTree = "<group>"; };
		565FB49B1F1B7BD200FA5DF1 /* MovieResponse.swift */ = {isa = PBXFileReference; fileEncoding = 4; lastKnownFileType = sourcecode.swift; path = MovieResponse.swift; sourceTree = "<group>"; };
		565FB49D1F1B9ACE00FA5DF1 /* MovieListProtocol.swift */ = {isa = PBXFileReference; fileEncoding = 4; lastKnownFileType = sourcecode.swift; path = MovieListProtocol.swift; sourceTree = "<group>"; };
		565FB49F1F1B9B5400FA5DF1 /* MovieListInteractor.swift */ = {isa = PBXFileReference; fileEncoding = 4; lastKnownFileType = sourcecode.swift; path = MovieListInteractor.swift; sourceTree = "<group>"; };
		565FB4A21F1B9D6500FA5DF1 /* MovieListWireFrame.swift */ = {isa = PBXFileReference; fileEncoding = 4; lastKnownFileType = sourcecode.swift; path = MovieListWireFrame.swift; sourceTree = "<group>"; };
		565FB4A41F1BA0A900FA5DF1 /* MovieListPresenter.swift */ = {isa = PBXFileReference; fileEncoding = 4; lastKnownFileType = sourcecode.swift; path = MovieListPresenter.swift; sourceTree = "<group>"; };
		565FB4A71F1BA21800FA5DF1 /* MovieListRemoteDataManager.swift */ = {isa = PBXFileReference; fileEncoding = 4; lastKnownFileType = sourcecode.swift; path = MovieListRemoteDataManager.swift; sourceTree = "<group>"; };
		565FB4AF1F1BCDA700FA5DF1 /* MovieDetailPresenter.swift */ = {isa = PBXFileReference; fileEncoding = 4; lastKnownFileType = sourcecode.swift; path = MovieDetailPresenter.swift; sourceTree = "<group>"; };
		565FB4B11F1BCDEB00FA5DF1 /* MovieDetailViewProtocol.swift */ = {isa = PBXFileReference; fileEncoding = 4; lastKnownFileType = sourcecode.swift; path = MovieDetailViewProtocol.swift; sourceTree = "<group>"; };
		565FB4B31F1BCE6A00FA5DF1 /* MovieDetailView.swift */ = {isa = PBXFileReference; fileEncoding = 4; lastKnownFileType = sourcecode.swift; path = MovieDetailView.swift; sourceTree = "<group>"; };
		565FB4B51F1BCEC700FA5DF1 /* MovieDetailWireFrame.swift */ = {isa = PBXFileReference; fileEncoding = 4; lastKnownFileType = sourcecode.swift; path = MovieDetailWireFrame.swift; sourceTree = "<group>"; };
		565FB4B71F1BCF5E00FA5DF1 /* MovieDetail.storyboard */ = {isa = PBXFileReference; fileEncoding = 4; lastKnownFileType = file.storyboard; path = MovieDetail.storyboard; sourceTree = "<group>"; };
		565FB4B91F1BD49E00FA5DF1 /* GenreManager.swift */ = {isa = PBXFileReference; fileEncoding = 4; lastKnownFileType = sourcecode.swift; path = GenreManager.swift; sourceTree = "<group>"; };
		565FB4BD1F1BDEC900FA5DF1 /* Booking.storyboard */ = {isa = PBXFileReference; fileEncoding = 4; lastKnownFileType = file.storyboard; path = Booking.storyboard; sourceTree = "<group>"; };
		565FB4BF1F1BDEEB00FA5DF1 /* BookingViewController.swift */ = {isa = PBXFileReference; fileEncoding = 4; lastKnownFileType = sourcecode.swift; path = BookingViewController.swift; sourceTree = "<group>"; };
		565FB4C21F1BE10500FA5DF1 /* BookingWireFrame.swift */ = {isa = PBXFileReference; fileEncoding = 4; lastKnownFileType = sourcecode.swift; path = BookingWireFrame.swift; sourceTree = "<group>"; };
		565FB4C51F1BE14700FA5DF1 /* BookingProtocol.swift */ = {isa = PBXFileReference; fileEncoding = 4; lastKnownFileType = sourcecode.swift; path = BookingProtocol.swift; sourceTree = "<group>"; };
		9668BB485C6CE8FC42DDD994 /* Pods-movie-list-tmdbTests.release.xcconfig */ = {isa = PBXFileReference; includeInIndex = 1; lastKnownFileType = text.xcconfig; name = "Pods-movie-list-tmdbTests.release.xcconfig"; path = "Pods/Target Support Files/Pods-movie-list-tmdbTests/Pods-movie-list-tmdbTests.release.xcconfig"; sourceTree = "<group>"; };
		9671674E2764DC29F0E921EA /* Pods-movie-list-tmdb.release.xcconfig */ = {isa = PBXFileReference; includeInIndex = 1; lastKnownFileType = text.xcconfig; name = "Pods-movie-list-tmdb.release.xcconfig"; path = "Pods/Target Support Files/Pods-movie-list-tmdb/Pods-movie-list-tmdb.release.xcconfig"; sourceTree = "<group>"; };
		CB263051AAB6FC9D9C75D08A /* Pods-movie-list-tmdbUITests.debug.xcconfig */ = {isa = PBXFileReference; includeInIndex = 1; lastKnownFileType = text.xcconfig; name = "Pods-movie-list-tmdbUITests.debug.xcconfig"; path = "Pods/Target Support Files/Pods-movie-list-tmdbUITests/Pods-movie-list-tmdbUITests.debug.xcconfig"; sourceTree = "<group>"; };
		FB0CF45BBBBEE5308060519A /* Pods-movie-list-tmdb.debug.xcconfig */ = {isa = PBXFileReference; includeInIndex = 1; lastKnownFileType = text.xcconfig; name = "Pods-movie-list-tmdb.debug.xcconfig"; path = "Pods/Target Support Files/Pods-movie-list-tmdb/Pods-movie-list-tmdb.debug.xcconfig"; sourceTree = "<group>"; };
		FF0CF303CE67D11C584189BC /* Pods_movie_list_tmdb.framework */ = {isa = PBXFileReference; explicitFileType = wrapper.framework; includeInIndex = 0; path = Pods_movie_list_tmdb.framework; sourceTree = BUILT_PRODUCTS_DIR; };
/* End PBXFileReference section */

/* Begin PBXFrameworksBuildPhase section */
		565FB44B1F1B50B200FA5DF1 /* Frameworks */ = {
			isa = PBXFrameworksBuildPhase;
			buildActionMask = 2147483647;
			files = (
				C8E79D12BCEBEA8C044460BC /* Pods_movie_list_tmdb.framework in Frameworks */,
			);
			runOnlyForDeploymentPostprocessing = 0;
		};
		565FB4611F1B50B200FA5DF1 /* Frameworks */ = {
			isa = PBXFrameworksBuildPhase;
			buildActionMask = 2147483647;
			files = (
				8281B0F8B8B130B9F9F2E2C7 /* Pods_movie_list_tmdbTests.framework in Frameworks */,
			);
			runOnlyForDeploymentPostprocessing = 0;
		};
		565FB46C1F1B50B200FA5DF1 /* Frameworks */ = {
			isa = PBXFrameworksBuildPhase;
			buildActionMask = 2147483647;
			files = (
				E192CCC5719719F7B659FC9E /* Pods_movie_list_tmdbUITests.framework in Frameworks */,
			);
			runOnlyForDeploymentPostprocessing = 0;
		};
/* End PBXFrameworksBuildPhase section */

/* Begin PBXGroup section */
		06BDF65941378028D9348C6E /* Frameworks */ = {
			isa = PBXGroup;
			children = (
				FF0CF303CE67D11C584189BC /* Pods_movie_list_tmdb.framework */,
				45DE7E6F52D79D5CAEA1A4BF /* Pods_movie_list_tmdbTests.framework */,
				392949A8A06CFB38492FD289 /* Pods_movie_list_tmdbUITests.framework */,
			);
			name = Frameworks;
			sourceTree = "<group>";
		};
		565FB4451F1B50B200FA5DF1 = {
			isa = PBXGroup;
			children = (
				565FB4501F1B50B200FA5DF1 /* movie-list-tmdb */,
				565FB4671F1B50B200FA5DF1 /* movie-list-tmdbTests */,
				565FB4721F1B50B200FA5DF1 /* movie-list-tmdbUITests */,
				565FB44F1F1B50B200FA5DF1 /* Products */,
				AEFE1D976F0B7ACE26994B2E /* Pods */,
				06BDF65941378028D9348C6E /* Frameworks */,
			);
			sourceTree = "<group>";
		};
		565FB44F1F1B50B200FA5DF1 /* Products */ = {
			isa = PBXGroup;
			children = (
				565FB44E1F1B50B200FA5DF1 /* movie-list-tmdb.app */,
				565FB4641F1B50B200FA5DF1 /* movie-list-tmdbTests.xctest */,
				565FB46F1F1B50B200FA5DF1 /* movie-list-tmdbUITests.xctest */,
			);
			name = Products;
			sourceTree = "<group>";
		};
		565FB4501F1B50B200FA5DF1 /* movie-list-tmdb */ = {
			isa = PBXGroup;
			children = (
				565FB4961F1B799200FA5DF1 /* Util */,
				565FB4851F1B5DF100FA5DF1 /* Entities */,
				565FB4841F1B5DE300FA5DF1 /* Modules */,
				565FB4811F1B5D7A00FA5DF1 /* Application */,
				565FB45A1F1B50B200FA5DF1 /* Assets.xcassets */,
				565FB45F1F1B50B200FA5DF1 /* Info.plist */,
			);
			path = "movie-list-tmdb";
			sourceTree = "<group>";
		};
		565FB4671F1B50B200FA5DF1 /* movie-list-tmdbTests */ = {
			isa = PBXGroup;
			children = (
				565FB4681F1B50B200FA5DF1 /* movie_list_tmdbTests.swift */,
				565FB46A1F1B50B200FA5DF1 /* Info.plist */,
			);
			path = "movie-list-tmdbTests";
			sourceTree = "<group>";
		};
		565FB4721F1B50B200FA5DF1 /* movie-list-tmdbUITests */ = {
			isa = PBXGroup;
			children = (
				565FB4731F1B50B200FA5DF1 /* movie_list_tmdbUITests.swift */,
				565FB4751F1B50B200FA5DF1 /* Info.plist */,
			);
			path = "movie-list-tmdbUITests";
			sourceTree = "<group>";
		};
		565FB4811F1B5D7A00FA5DF1 /* Application */ = {
			isa = PBXGroup;
			children = (
				565FB45C1F1B50B200FA5DF1 /* LaunchScreen.storyboard */,
				565FB4511F1B50B200FA5DF1 /* AppDelegate.swift */,
				565FB4821F1B5DA200FA5DF1 /* RootRouter.swift */,
			);
			name = Application;
			sourceTree = "<group>";
		};
		565FB4841F1B5DE300FA5DF1 /* Modules */ = {
			isa = PBXGroup;
			children = (
				565FB4BB1F1BDE9900FA5DF1 /* Booking */,
				565FB4A91F1BCD4500FA5DF1 /* MovieDetail */,
				565FB48C1F1B6EBD00FA5DF1 /* MovieList */,
			);
			name = Modules;
			sourceTree = "<group>";
		};
		565FB4851F1B5DF100FA5DF1 /* Entities */ = {
			isa = PBXGroup;
			children = (
				565FB49A1F1B7BB900FA5DF1 /* APIResponse */,
				565FB4891F1B655500FA5DF1 /* Genre */,
				565FB4861F1B5E0100FA5DF1 /* Movie */,
			);
			name = Entities;
			sourceTree = "<group>";
		};
		565FB4861F1B5E0100FA5DF1 /* Movie */ = {
			isa = PBXGroup;
			children = (
				565FB4871F1B5E1D00FA5DF1 /* Movie.swift */,
			);
			name = Movie;
			sourceTree = "<group>";
		};
		565FB4891F1B655500FA5DF1 /* Genre */ = {
			isa = PBXGroup;
			children = (
				565FB48A1F1B656900FA5DF1 /* Genre.swift */,
			);
			name = Genre;
			sourceTree = "<group>";
		};
		565FB48C1F1B6EBD00FA5DF1 /* MovieList */ = {
			isa = PBXGroup;
			children = (
				565FB4A11F1B9D4600FA5DF1 /* Router */,
				565FB4911F1B753000FA5DF1 /* Contract */,
				565FB4901F1B752800FA5DF1 /* Interactor */,
				565FB48E1F1B751000FA5DF1 /* Presenter */,
				565FB48D1F1B6EC500FA5DF1 /* View */,
			);
			name = MovieList;
			sourceTree = "<group>";
		};
		565FB48D1F1B6EC500FA5DF1 /* View */ = {
			isa = PBXGroup;
			children = (
				565FB4571F1B50B200FA5DF1 /* Main.storyboard */,
				565FB4921F1B756900FA5DF1 /* MovieListTableViewController.swift */,
				565FB4941F1B77CF00FA5DF1 /* MovieTableViewCell.swift */,
			);
			name = View;
			sourceTree = "<group>";
		};
		565FB48E1F1B751000FA5DF1 /* Presenter */ = {
			isa = PBXGroup;
			children = (
				565FB4A41F1BA0A900FA5DF1 /* MovieListPresenter.swift */,
			);
			name = Presenter;
			sourceTree = "<group>";
		};
		565FB4901F1B752800FA5DF1 /* Interactor */ = {
			isa = PBXGroup;
			children = (
				565FB49F1F1B9B5400FA5DF1 /* MovieListInteractor.swift */,
			);
			name = Interactor;
			sourceTree = "<group>";
		};
		565FB4911F1B753000FA5DF1 /* Contract */ = {
			isa = PBXGroup;
			children = (
				565FB49D1F1B9ACE00FA5DF1 /* MovieListProtocol.swift */,
			);
			name = Contract;
			sourceTree = "<group>";
		};
		565FB4961F1B799200FA5DF1 /* Util */ = {
			isa = PBXGroup;
			children = (
				565FB4A61F1BA1E700FA5DF1 /* DataManager */,
				565FB4971F1B799700FA5DF1 /* Constants */,
			);
			name = Util;
			sourceTree = "<group>";
		};
		565FB4971F1B799700FA5DF1 /* Constants */ = {
			isa = PBXGroup;
			children = (
				565FB4981F1B79A900FA5DF1 /* Constants.swift */,
			);
			name = Constants;
			sourceTree = "<group>";
		};
		565FB49A1F1B7BB900FA5DF1 /* APIResponse */ = {
			isa = PBXGroup;
			children = (
				565FB49B1F1B7BD200FA5DF1 /* MovieResponse.swift */,
			);
			name = APIResponse;
			sourceTree = "<group>";
		};
		565FB4A11F1B9D4600FA5DF1 /* Router */ = {
			isa = PBXGroup;
			children = (
				565FB4A21F1B9D6500FA5DF1 /* MovieListWireFrame.swift */,
			);
			name = Router;
			sourceTree = "<group>";
		};
		565FB4A61F1BA1E700FA5DF1 /* DataManager */ = {
			isa = PBXGroup;
			children = (
				565FB4A71F1BA21800FA5DF1 /* MovieListRemoteDataManager.swift */,
				565FB4B91F1BD49E00FA5DF1 /* GenreManager.swift */,
			);
			name = DataManager;
			sourceTree = "<group>";
		};
		565FB4A91F1BCD4500FA5DF1 /* MovieDetail */ = {
			isa = PBXGroup;
			children = (
				565FB4AE1F1BCD7700FA5DF1 /* View */,
				565FB4AD1F1BCD6F00FA5DF1 /* Presenter */,
				565FB4AC1F1BCD6900FA5DF1 /* Interactor */,
				565FB4AB1F1BCD6400FA5DF1 /* Contract */,
				565FB4AA1F1BCD5D00FA5DF1 /* Router */,
			);
			name = MovieDetail;
			sourceTree = "<group>";
		};
		565FB4AA1F1BCD5D00FA5DF1 /* Router */ = {
			isa = PBXGroup;
			children = (
				565FB4B51F1BCEC700FA5DF1 /* MovieDetailWireFrame.swift */,
			);
			name = Router;
			sourceTree = "<group>";
		};
		565FB4AB1F1BCD6400FA5DF1 /* Contract */ = {
			isa = PBXGroup;
			children = (
				565FB4B11F1BCDEB00FA5DF1 /* MovieDetailViewProtocol.swift */,
			);
			name = Contract;
			sourceTree = "<group>";
		};
		565FB4AC1F1BCD6900FA5DF1 /* Interactor */ = {
			isa = PBXGroup;
			children = (
			);
			name = Interactor;
			sourceTree = "<group>";
		};
		565FB4AD1F1BCD6F00FA5DF1 /* Presenter */ = {
			isa = PBXGroup;
			children = (
				565FB4AF1F1BCDA700FA5DF1 /* MovieDetailPresenter.swift */,
			);
			name = Presenter;
			sourceTree = "<group>";
		};
		565FB4AE1F1BCD7700FA5DF1 /* View */ = {
			isa = PBXGroup;
			children = (
				565FB4B31F1BCE6A00FA5DF1 /* MovieDetailView.swift */,
				565FB4B71F1BCF5E00FA5DF1 /* MovieDetail.storyboard */,
			);
			name = View;
			sourceTree = "<group>";
		};
		565FB4BB1F1BDE9900FA5DF1 /* Booking */ = {
			isa = PBXGroup;
			children = (
				565FB4C41F1BE13A00FA5DF1 /* Contract */,
				565FB4C11F1BE0ED00FA5DF1 /* Router */,
				565FB4BC1F1BDEA500FA5DF1 /* View */,
			);
			name = Booking;
			sourceTree = "<group>";
		};
		565FB4BC1F1BDEA500FA5DF1 /* View */ = {
			isa = PBXGroup;
			children = (
				565FB4BD1F1BDEC900FA5DF1 /* Booking.storyboard */,
				565FB4BF1F1BDEEB00FA5DF1 /* BookingViewController.swift */,
			);
			name = View;
			sourceTree = "<group>";
		};
		565FB4C11F1BE0ED00FA5DF1 /* Router */ = {
			isa = PBXGroup;
			children = (
				565FB4C21F1BE10500FA5DF1 /* BookingWireFrame.swift */,
			);
			name = Router;
			sourceTree = "<group>";
		};
		565FB4C41F1BE13A00FA5DF1 /* Contract */ = {
			isa = PBXGroup;
			children = (
				565FB4C51F1BE14700FA5DF1 /* BookingProtocol.swift */,
			);
			name = Contract;
			sourceTree = "<group>";
		};
		AEFE1D976F0B7ACE26994B2E /* Pods */ = {
			isa = PBXGroup;
			children = (
				FB0CF45BBBBEE5308060519A /* Pods-movie-list-tmdb.debug.xcconfig */,
				9671674E2764DC29F0E921EA /* Pods-movie-list-tmdb.release.xcconfig */,
				0FADD22FDCD371D9493522D2 /* Pods-movie-list-tmdbTests.debug.xcconfig */,
				9668BB485C6CE8FC42DDD994 /* Pods-movie-list-tmdbTests.release.xcconfig */,
				CB263051AAB6FC9D9C75D08A /* Pods-movie-list-tmdbUITests.debug.xcconfig */,
				144081635459364A3FE8C2EF /* Pods-movie-list-tmdbUITests.release.xcconfig */,
			);
			name = Pods;
			sourceTree = "<group>";
		};
/* End PBXGroup section */

/* Begin PBXNativeTarget section */
		565FB44D1F1B50B200FA5DF1 /* movie-list-tmdb */ = {
			isa = PBXNativeTarget;
			buildConfigurationList = 565FB4781F1B50B200FA5DF1 /* Build configuration list for PBXNativeTarget "movie-list-tmdb" */;
			buildPhases = (
				7CB21DA2C8714F09548FCE7E /* [CP] Check Pods Manifest.lock */,
				565FB44A1F1B50B200FA5DF1 /* Sources */,
				565FB44B1F1B50B200FA5DF1 /* Frameworks */,
				565FB44C1F1B50B200FA5DF1 /* Resources */,
				052D94084429A825BC7D1E7A /* [CP] Embed Pods Frameworks */,
				AA314DC37ED880DD8DA2BF4C /* [CP] Copy Pods Resources */,
			);
			buildRules = (
			);
			dependencies = (
			);
			name = "movie-list-tmdb";
			productName = "movie-list-tmdb";
			productReference = 565FB44E1F1B50B200FA5DF1 /* movie-list-tmdb.app */;
			productType = "com.apple.product-type.application";
		};
		565FB4631F1B50B200FA5DF1 /* movie-list-tmdbTests */ = {
			isa = PBXNativeTarget;
			buildConfigurationList = 565FB47B1F1B50B200FA5DF1 /* Build configuration list for PBXNativeTarget "movie-list-tmdbTests" */;
			buildPhases = (
				339A3B439D30CBA6B3B9385A /* [CP] Check Pods Manifest.lock */,
				565FB4601F1B50B200FA5DF1 /* Sources */,
				565FB4611F1B50B200FA5DF1 /* Frameworks */,
				565FB4621F1B50B200FA5DF1 /* Resources */,
				44AF36CE0EC6CA78CF563CE1 /* [CP] Embed Pods Frameworks */,
				A570B032366887D49D9A5C79 /* [CP] Copy Pods Resources */,
			);
			buildRules = (
			);
			dependencies = (
				565FB4661F1B50B200FA5DF1 /* PBXTargetDependency */,
			);
			name = "movie-list-tmdbTests";
			productName = "movie-list-tmdbTests";
			productReference = 565FB4641F1B50B200FA5DF1 /* movie-list-tmdbTests.xctest */;
			productType = "com.apple.product-type.bundle.unit-test";
		};
		565FB46E1F1B50B200FA5DF1 /* movie-list-tmdbUITests */ = {
			isa = PBXNativeTarget;
			buildConfigurationList = 565FB47E1F1B50B200FA5DF1 /* Build configuration list for PBXNativeTarget "movie-list-tmdbUITests" */;
			buildPhases = (
				6CC2CEC61905A15C2C4A5228 /* [CP] Check Pods Manifest.lock */,
				565FB46B1F1B50B200FA5DF1 /* Sources */,
				565FB46C1F1B50B200FA5DF1 /* Frameworks */,
				565FB46D1F1B50B200FA5DF1 /* Resources */,
				B23A05E4EEF7D1614822BC81 /* [CP] Embed Pods Frameworks */,
				6C3DCB4C18B07E14041EA285 /* [CP] Copy Pods Resources */,
			);
			buildRules = (
			);
			dependencies = (
				565FB4711F1B50B200FA5DF1 /* PBXTargetDependency */,
			);
			name = "movie-list-tmdbUITests";
			productName = "movie-list-tmdbUITests";
			productReference = 565FB46F1F1B50B200FA5DF1 /* movie-list-tmdbUITests.xctest */;
			productType = "com.apple.product-type.bundle.ui-testing";
		};
/* End PBXNativeTarget section */

/* Begin PBXProject section */
		565FB4461F1B50B200FA5DF1 /* Project object */ = {
			isa = PBXProject;
			attributes = {
				LastSwiftUpdateCheck = 0830;
				LastUpgradeCheck = 0830;
				ORGANIZATIONNAME = "Swaminathan Nagarajan";
				TargetAttributes = {
					565FB44D1F1B50B200FA5DF1 = {
						CreatedOnToolsVersion = 8.3.3;
						ProvisioningStyle = Automatic;
					};
					565FB4631F1B50B200FA5DF1 = {
						CreatedOnToolsVersion = 8.3.3;
						ProvisioningStyle = Automatic;
						TestTargetID = 565FB44D1F1B50B200FA5DF1;
					};
					565FB46E1F1B50B200FA5DF1 = {
						CreatedOnToolsVersion = 8.3.3;
						ProvisioningStyle = Automatic;
						TestTargetID = 565FB44D1F1B50B200FA5DF1;
					};
				};
			};
			buildConfigurationList = 565FB4491F1B50B200FA5DF1 /* Build configuration list for PBXProject "movie-list-tmdb" */;
			compatibilityVersion = "Xcode 3.2";
			developmentRegion = English;
			hasScannedForEncodings = 0;
			knownRegions = (
				en,
				Base,
			);
			mainGroup = 565FB4451F1B50B200FA5DF1;
			productRefGroup = 565FB44F1F1B50B200FA5DF1 /* Products */;
			projectDirPath = "";
			projectRoot = "";
			targets = (
				565FB44D1F1B50B200FA5DF1 /* movie-list-tmdb */,
				565FB4631F1B50B200FA5DF1 /* movie-list-tmdbTests */,
				565FB46E1F1B50B200FA5DF1 /* movie-list-tmdbUITests */,
			);
		};
/* End PBXProject section */

/* Begin PBXResourcesBuildPhase section */
		565FB44C1F1B50B200FA5DF1 /* Resources */ = {
			isa = PBXResourcesBuildPhase;
			buildActionMask = 2147483647;
			files = (
				565FB4B81F1BCF5E00FA5DF1 /* MovieDetail.storyboard in Resources */,
				565FB4BE1F1BDEC900FA5DF1 /* Booking.storyboard in Resources */,
				565FB45E1F1B50B200FA5DF1 /* LaunchScreen.storyboard in Resources */,
				565FB45B1F1B50B200FA5DF1 /* Assets.xcassets in Resources */,
				565FB4591F1B50B200FA5DF1 /* Main.storyboard in Resources */,
			);
			runOnlyForDeploymentPostprocessing = 0;
		};
		565FB4621F1B50B200FA5DF1 /* Resources */ = {
			isa = PBXResourcesBuildPhase;
			buildActionMask = 2147483647;
			files = (
			);
			runOnlyForDeploymentPostprocessing = 0;
		};
		565FB46D1F1B50B200FA5DF1 /* Resources */ = {
			isa = PBXResourcesBuildPhase;
			buildActionMask = 2147483647;
			files = (
			);
			runOnlyForDeploymentPostprocessing = 0;
		};
/* End PBXResourcesBuildPhase section */

/* Begin PBXShellScriptBuildPhase section */
		052D94084429A825BC7D1E7A /* [CP] Embed Pods Frameworks */ = {
			isa = PBXShellScriptBuildPhase;
			buildActionMask = 2147483647;
			files = (
			);
			inputPaths = (
			);
			name = "[CP] Embed Pods Frameworks";
			outputPaths = (
			);
			runOnlyForDeploymentPostprocessing = 0;
			shellPath = /bin/sh;
			shellScript = "\"${SRCROOT}/Pods/Target Support Files/Pods-movie-list-tmdb/Pods-movie-list-tmdb-frameworks.sh\"\n";
			showEnvVarsInLog = 0;
		};
		339A3B439D30CBA6B3B9385A /* [CP] Check Pods Manifest.lock */ = {
			isa = PBXShellScriptBuildPhase;
			buildActionMask = 2147483647;
			files = (
			);
			inputPaths = (
			);
			name = "[CP] Check Pods Manifest.lock";
			outputPaths = (
			);
			runOnlyForDeploymentPostprocessing = 0;
			shellPath = /bin/sh;
			shellScript = "diff \"${PODS_PODFILE_DIR_PATH}/Podfile.lock\" \"${PODS_ROOT}/Manifest.lock\" > /dev/null\nif [ $? != 0 ] ; then\n    # print error to STDERR\n    echo \"error: The sandbox is not in sync with the Podfile.lock. Run 'pod install' or update your CocoaPods installation.\" >&2\n    exit 1\nfi\n";
			showEnvVarsInLog = 0;
		};
		44AF36CE0EC6CA78CF563CE1 /* [CP] Embed Pods Frameworks */ = {
			isa = PBXShellScriptBuildPhase;
			buildActionMask = 2147483647;
			files = (
			);
			inputPaths = (
			);
			name = "[CP] Embed Pods Frameworks";
			outputPaths = (
			);
			runOnlyForDeploymentPostprocessing = 0;
			shellPath = /bin/sh;
			shellScript = "\"${SRCROOT}/Pods/Target Support Files/Pods-movie-list-tmdbTests/Pods-movie-list-tmdbTests-frameworks.sh\"\n";
			showEnvVarsInLog = 0;
		};
		6C3DCB4C18B07E14041EA285 /* [CP] Copy Pods Resources */ = {
			isa = PBXShellScriptBuildPhase;
			buildActionMask = 2147483647;
			files = (
			);
			inputPaths = (
			);
			name = "[CP] Copy Pods Resources";
			outputPaths = (
			);
			runOnlyForDeploymentPostprocessing = 0;
			shellPath = /bin/sh;
			shellScript = "\"${SRCROOT}/Pods/Target Support Files/Pods-movie-list-tmdbUITests/Pods-movie-list-tmdbUITests-resources.sh\"\n";
			showEnvVarsInLog = 0;
		};
		6CC2CEC61905A15C2C4A5228 /* [CP] Check Pods Manifest.lock */ = {
			isa = PBXShellScriptBuildPhase;
			buildActionMask = 2147483647;
			files = (
			);
			inputPaths = (
			);
			name = "[CP] Check Pods Manifest.lock";
			outputPaths = (
			);
			runOnlyForDeploymentPostprocessing = 0;
			shellPath = /bin/sh;
			shellScript = "diff \"${PODS_PODFILE_DIR_PATH}/Podfile.lock\" \"${PODS_ROOT}/Manifest.lock\" > /dev/null\nif [ $? != 0 ] ; then\n    # print error to STDERR\n    echo \"error: The sandbox is not in sync with the Podfile.lock. Run 'pod install' or update your CocoaPods installation.\" >&2\n    exit 1\nfi\n";
			showEnvVarsInLog = 0;
		};
		7CB21DA2C8714F09548FCE7E /* [CP] Check Pods Manifest.lock */ = {
			isa = PBXShellScriptBuildPhase;
			buildActionMask = 2147483647;
			files = (
			);
			inputPaths = (
			);
			name = "[CP] Check Pods Manifest.lock";
			outputPaths = (
			);
			runOnlyForDeploymentPostprocessing = 0;
			shellPath = /bin/sh;
			shellScript = "diff \"${PODS_PODFILE_DIR_PATH}/Podfile.lock\" \"${PODS_ROOT}/Manifest.lock\" > /dev/null\nif [ $? != 0 ] ; then\n    # print error to STDERR\n    echo \"error: The sandbox is not in sync with the Podfile.lock. Run 'pod install' or update your CocoaPods installation.\" >&2\n    exit 1\nfi\n";
			showEnvVarsInLog = 0;
		};
		A570B032366887D49D9A5C79 /* [CP] Copy Pods Resources */ = {
			isa = PBXShellScriptBuildPhase;
			buildActionMask = 2147483647;
			files = (
			);
			inputPaths = (
			);
			name = "[CP] Copy Pods Resources";
			outputPaths = (
			);
			runOnlyForDeploymentPostprocessing = 0;
			shellPath = /bin/sh;
			shellScript = "\"${SRCROOT}/Pods/Target Support Files/Pods-movie-list-tmdbTests/Pods-movie-list-tmdbTests-resources.sh\"\n";
			showEnvVarsInLog = 0;
		};
		AA314DC37ED880DD8DA2BF4C /* [CP] Copy Pods Resources */ = {
			isa = PBXShellScriptBuildPhase;
			buildActionMask = 2147483647;
			files = (
			);
			inputPaths = (
			);
			name = "[CP] Copy Pods Resources";
			outputPaths = (
			);
			runOnlyForDeploymentPostprocessing = 0;
			shellPath = /bin/sh;
			shellScript = "\"${SRCROOT}/Pods/Target Support Files/Pods-movie-list-tmdb/Pods-movie-list-tmdb-resources.sh\"\n";
			showEnvVarsInLog = 0;
		};
		B23A05E4EEF7D1614822BC81 /* [CP] Embed Pods Frameworks */ = {
			isa = PBXShellScriptBuildPhase;
			buildActionMask = 2147483647;
			files = (
			);
			inputPaths = (
			);
			name = "[CP] Embed Pods Frameworks";
			outputPaths = (
			);
			runOnlyForDeploymentPostprocessing = 0;
			shellPath = /bin/sh;
			shellScript = "\"${SRCROOT}/Pods/Target Support Files/Pods-movie-list-tmdbUITests/Pods-movie-list-tmdbUITests-frameworks.sh\"\n";
			showEnvVarsInLog = 0;
		};
/* End PBXShellScriptBuildPhase section */

/* Begin PBXSourcesBuildPhase section */
		565FB44A1F1B50B200FA5DF1 /* Sources */ = {
			isa = PBXSourcesBuildPhase;
			buildActionMask = 2147483647;
			files = (
				565FB4831F1B5DA200FA5DF1 /* RootRouter.swift in Sources */,
				565FB48B1F1B656900FA5DF1 /* Genre.swift in Sources */,
				565FB4B01F1BCDA700FA5DF1 /* MovieDetailPresenter.swift in Sources */,
				565FB4951F1B77CF00FA5DF1 /* MovieTableViewCell.swift in Sources */,
				565FB4B61F1BCEC700FA5DF1 /* MovieDetailWireFrame.swift in Sources */,
				565FB4521F1B50B200FA5DF1 /* AppDelegate.swift in Sources */,
				565FB4991F1B79A900FA5DF1 /* Constants.swift in Sources */,
				565FB4A31F1B9D6500FA5DF1 /* MovieListWireFrame.swift in Sources */,
				565FB4C31F1BE10500FA5DF1 /* BookingWireFrame.swift in Sources */,
				565FB4A81F1BA21800FA5DF1 /* MovieListRemoteDataManager.swift in Sources */,
				565FB4BA1F1BD49E00FA5DF1 /* GenreManager.swift in Sources */,
				565FB4B21F1BCDEB00FA5DF1 /* MovieDetailViewProtocol.swift in Sources */,
				565FB49C1F1B7BD200FA5DF1 /* MovieResponse.swift in Sources */,
				565FB4A51F1BA0A900FA5DF1 /* MovieListPresenter.swift in Sources */,
				565FB4931F1B756900FA5DF1 /* MovieListTableViewController.swift in Sources */,
				565FB4C01F1BDEEB00FA5DF1 /* BookingViewController.swift in Sources */,
				565FB4A01F1B9B5400FA5DF1 /* MovieListInteractor.swift in Sources */,
				565FB4C61F1BE14700FA5DF1 /* BookingProtocol.swift in Sources */,
				565FB49E1F1B9ACE00FA5DF1 /* MovieListProtocol.swift in Sources */,
				565FB4B41F1BCE6A00FA5DF1 /* MovieDetailView.swift in Sources */,
				565FB4881F1B5E1D00FA5DF1 /* Movie.swift in Sources */,
			);
			runOnlyForDeploymentPostprocessing = 0;
		};
		565FB4601F1B50B200FA5DF1 /* Sources */ = {
			isa = PBXSourcesBuildPhase;
			buildActionMask = 2147483647;
			files = (
				565FB4691F1B50B200FA5DF1 /* movie_list_tmdbTests.swift in Sources */,
			);
			runOnlyForDeploymentPostprocessing = 0;
		};
		565FB46B1F1B50B200FA5DF1 /* Sources */ = {
			isa = PBXSourcesBuildPhase;
			buildActionMask = 2147483647;
			files = (
				565FB4741F1B50B200FA5DF1 /* movie_list_tmdbUITests.swift in Sources */,
			);
			runOnlyForDeploymentPostprocessing = 0;
		};
/* End PBXSourcesBuildPhase section */

/* Begin PBXTargetDependency section */
		565FB4661F1B50B200FA5DF1 /* PBXTargetDependency */ = {
			isa = PBXTargetDependency;
			target = 565FB44D1F1B50B200FA5DF1 /* movie-list-tmdb */;
			targetProxy = 565FB4651F1B50B200FA5DF1 /* PBXContainerItemProxy */;
		};
		565FB4711F1B50B200FA5DF1 /* PBXTargetDependency */ = {
			isa = PBXTargetDependency;
			target = 565FB44D1F1B50B200FA5DF1 /* movie-list-tmdb */;
			targetProxy = 565FB4701F1B50B200FA5DF1 /* PBXContainerItemProxy */;
		};
/* End PBXTargetDependency section */

/* Begin PBXVariantGroup section */
		565FB4571F1B50B200FA5DF1 /* Main.storyboard */ = {
			isa = PBXVariantGroup;
			children = (
				565FB4581F1B50B200FA5DF1 /* Base */,
			);
			name = Main.storyboard;
			sourceTree = "<group>";
		};
		565FB45C1F1B50B200FA5DF1 /* LaunchScreen.storyboard */ = {
			isa = PBXVariantGroup;
			children = (
				565FB45D1F1B50B200FA5DF1 /* Base */,
			);
			name = LaunchScreen.storyboard;
			sourceTree = "<group>";
		};
/* End PBXVariantGroup section */

/* Begin XCBuildConfiguration section */
		565FB4761F1B50B200FA5DF1 /* Debug */ = {
			isa = XCBuildConfiguration;
			buildSettings = {
				ALWAYS_SEARCH_USER_PATHS = NO;
				CLANG_ANALYZER_NONNULL = YES;
				CLANG_ANALYZER_NUMBER_OBJECT_CONVERSION = YES_AGGRESSIVE;
				CLANG_CXX_LANGUAGE_STANDARD = "gnu++0x";
				CLANG_CXX_LIBRARY = "libc++";
				CLANG_ENABLE_MODULES = YES;
				CLANG_ENABLE_OBJC_ARC = YES;
				CLANG_WARN_BOOL_CONVERSION = YES;
				CLANG_WARN_CONSTANT_CONVERSION = YES;
				CLANG_WARN_DIRECT_OBJC_ISA_USAGE = YES_ERROR;
				CLANG_WARN_DOCUMENTATION_COMMENTS = YES;
				CLANG_WARN_EMPTY_BODY = YES;
				CLANG_WARN_ENUM_CONVERSION = YES;
				CLANG_WARN_INFINITE_RECURSION = YES;
				CLANG_WARN_INT_CONVERSION = YES;
				CLANG_WARN_OBJC_ROOT_CLASS = YES_ERROR;
				CLANG_WARN_SUSPICIOUS_MOVE = YES;
				CLANG_WARN_UNREACHABLE_CODE = YES;
				CLANG_WARN__DUPLICATE_METHOD_MATCH = YES;
				"CODE_SIGN_IDENTITY[sdk=iphoneos*]" = "iPhone Developer";
				COPY_PHASE_STRIP = NO;
				DEBUG_INFORMATION_FORMAT = dwarf;
				ENABLE_STRICT_OBJC_MSGSEND = YES;
				ENABLE_TESTABILITY = YES;
				GCC_C_LANGUAGE_STANDARD = gnu99;
				GCC_DYNAMIC_NO_PIC = NO;
				GCC_NO_COMMON_BLOCKS = YES;
				GCC_OPTIMIZATION_LEVEL = 0;
				GCC_PREPROCESSOR_DEFINITIONS = (
					"DEBUG=1",
					"$(inherited)",
				);
				GCC_WARN_64_TO_32_BIT_CONVERSION = YES;
				GCC_WARN_ABOUT_RETURN_TYPE = YES_ERROR;
				GCC_WARN_UNDECLARED_SELECTOR = YES;
				GCC_WARN_UNINITIALIZED_AUTOS = YES_AGGRESSIVE;
				GCC_WARN_UNUSED_FUNCTION = YES;
				GCC_WARN_UNUSED_VARIABLE = YES;
				IPHONEOS_DEPLOYMENT_TARGET = 10.3;
				MTL_ENABLE_DEBUG_INFO = YES;
				ONLY_ACTIVE_ARCH = YES;
				SDKROOT = iphoneos;
				SWIFT_ACTIVE_COMPILATION_CONDITIONS = DEBUG;
				SWIFT_OPTIMIZATION_LEVEL = "-Onone";
				TARGETED_DEVICE_FAMILY = "1,2";
			};
			name = Debug;
		};
		565FB4771F1B50B200FA5DF1 /* Release */ = {
			isa = XCBuildConfiguration;
			buildSettings = {
				ALWAYS_SEARCH_USER_PATHS = NO;
				CLANG_ANALYZER_NONNULL = YES;
				CLANG_ANALYZER_NUMBER_OBJECT_CONVERSION = YES_AGGRESSIVE;
				CLANG_CXX_LANGUAGE_STANDARD = "gnu++0x";
				CLANG_CXX_LIBRARY = "libc++";
				CLANG_ENABLE_MODULES = YES;
				CLANG_ENABLE_OBJC_ARC = YES;
				CLANG_WARN_BOOL_CONVERSION = YES;
				CLANG_WARN_CONSTANT_CONVERSION = YES;
				CLANG_WARN_DIRECT_OBJC_ISA_USAGE = YES_ERROR;
				CLANG_WARN_DOCUMENTATION_COMMENTS = YES;
				CLANG_WARN_EMPTY_BODY = YES;
				CLANG_WARN_ENUM_CONVERSION = YES;
				CLANG_WARN_INFINITE_RECURSION = YES;
				CLANG_WARN_INT_CONVERSION = YES;
				CLANG_WARN_OBJC_ROOT_CLASS = YES_ERROR;
				CLANG_WARN_SUSPICIOUS_MOVE = YES;
				CLANG_WARN_UNREACHABLE_CODE = YES;
				CLANG_WARN__DUPLICATE_METHOD_MATCH = YES;
				"CODE_SIGN_IDENTITY[sdk=iphoneos*]" = "iPhone Developer";
				COPY_PHASE_STRIP = NO;
				DEBUG_INFORMATION_FORMAT = "dwarf-with-dsym";
				ENABLE_NS_ASSERTIONS = NO;
				ENABLE_STRICT_OBJC_MSGSEND = YES;
				GCC_C_LANGUAGE_STANDARD = gnu99;
				GCC_NO_COMMON_BLOCKS = YES;
				GCC_WARN_64_TO_32_BIT_CONVERSION = YES;
				GCC_WARN_ABOUT_RETURN_TYPE = YES_ERROR;
				GCC_WARN_UNDECLARED_SELECTOR = YES;
				GCC_WARN_UNINITIALIZED_AUTOS = YES_AGGRESSIVE;
				GCC_WARN_UNUSED_FUNCTION = YES;
				GCC_WARN_UNUSED_VARIABLE = YES;
				IPHONEOS_DEPLOYMENT_TARGET = 10.3;
				MTL_ENABLE_DEBUG_INFO = NO;
				SDKROOT = iphoneos;
				SWIFT_OPTIMIZATION_LEVEL = "-Owholemodule";
				TARGETED_DEVICE_FAMILY = "1,2";
				VALIDATE_PRODUCT = YES;
			};
			name = Release;
		};
		565FB4791F1B50B200FA5DF1 /* Debug */ = {
			isa = XCBuildConfiguration;
			baseConfigurationReference = FB0CF45BBBBEE5308060519A /* Pods-movie-list-tmdb.debug.xcconfig */;
			buildSettings = {
				ASSETCATALOG_COMPILER_APPICON_NAME = AppIcon;
				DEVELOPMENT_TEAM = "";
				INFOPLIST_FILE = "movie-list-tmdb/Info.plist";
				LD_RUNPATH_SEARCH_PATHS = "$(inherited) @executable_path/Frameworks";
				PRODUCT_BUNDLE_IDENTIFIER = "com.sb.movie-list-tmdb";
				PRODUCT_NAME = "$(TARGET_NAME)";
				SWIFT_VERSION = 3.0;
			};
			name = Debug;
		};
		565FB47A1F1B50B200FA5DF1 /* Release */ = {
			isa = XCBuildConfiguration;
			baseConfigurationReference = 9671674E2764DC29F0E921EA /* Pods-movie-list-tmdb.release.xcconfig */;
			buildSettings = {
				ASSETCATALOG_COMPILER_APPICON_NAME = AppIcon;
				DEVELOPMENT_TEAM = "";
				INFOPLIST_FILE = "movie-list-tmdb/Info.plist";
				LD_RUNPATH_SEARCH_PATHS = "$(inherited) @executable_path/Frameworks";
				PRODUCT_BUNDLE_IDENTIFIER = "com.sb.movie-list-tmdb";
				PRODUCT_NAME = "$(TARGET_NAME)";
				SWIFT_VERSION = 3.0;
			};
			name = Release;
		};
		565FB47C1F1B50B200FA5DF1 /* Debug */ = {
			isa = XCBuildConfiguration;
			baseConfigurationReference = 0FADD22FDCD371D9493522D2 /* Pods-movie-list-tmdbTests.debug.xcconfig */;
			buildSettings = {
				ALWAYS_EMBED_SWIFT_STANDARD_LIBRARIES = YES;
				BUNDLE_LOADER = "$(TEST_HOST)";
				INFOPLIST_FILE = "movie-list-tmdbTests/Info.plist";
				LD_RUNPATH_SEARCH_PATHS = "$(inherited) @executable_path/Frameworks @loader_path/Frameworks";
				PRODUCT_BUNDLE_IDENTIFIER = "com.sb.movie-list-tmdbTests";
				PRODUCT_NAME = "$(TARGET_NAME)";
				SWIFT_VERSION = 3.0;
				TEST_HOST = "$(BUILT_PRODUCTS_DIR)/movie-list-tmdb.app/movie-list-tmdb";
			};
			name = Debug;
		};
		565FB47D1F1B50B200FA5DF1 /* Release */ = {
			isa = XCBuildConfiguration;
			baseConfigurationReference = 9668BB485C6CE8FC42DDD994 /* Pods-movie-list-tmdbTests.release.xcconfig */;
			buildSettings = {
				ALWAYS_EMBED_SWIFT_STANDARD_LIBRARIES = YES;
				BUNDLE_LOADER = "$(TEST_HOST)";
				INFOPLIST_FILE = "movie-list-tmdbTests/Info.plist";
				LD_RUNPATH_SEARCH_PATHS = "$(inherited) @executable_path/Frameworks @loader_path/Frameworks";
				PRODUCT_BUNDLE_IDENTIFIER = "com.sb.movie-list-tmdbTests";
				PRODUCT_NAME = "$(TARGET_NAME)";
				SWIFT_VERSION = 3.0;
				TEST_HOST = "$(BUILT_PRODUCTS_DIR)/movie-list-tmdb.app/movie-list-tmdb";
			};
			name = Release;
		};
		565FB47F1F1B50B200FA5DF1 /* Debug */ = {
			isa = XCBuildConfiguration;
			baseConfigurationReference = CB263051AAB6FC9D9C75D08A /* Pods-movie-list-tmdbUITests.debug.xcconfig */;
			buildSettings = {
				ALWAYS_EMBED_SWIFT_STANDARD_LIBRARIES = YES;
				INFOPLIST_FILE = "movie-list-tmdbUITests/Info.plist";
				LD_RUNPATH_SEARCH_PATHS = "$(inherited) @executable_path/Frameworks @loader_path/Frameworks";
				PRODUCT_BUNDLE_IDENTIFIER = "com.sb.movie-list-tmdbUITests";
				PRODUCT_NAME = "$(TARGET_NAME)";
				SWIFT_VERSION = 3.0;
				TEST_TARGET_NAME = "movie-list-tmdb";
			};
			name = Debug;
		};
		565FB4801F1B50B200FA5DF1 /* Release */ = {
			isa = XCBuildConfiguration;
			baseConfigurationReference = 144081635459364A3FE8C2EF /* Pods-movie-list-tmdbUITests.release.xcconfig */;
			buildSettings = {
				ALWAYS_EMBED_SWIFT_STANDARD_LIBRARIES = YES;
				INFOPLIST_FILE = "movie-list-tmdbUITests/Info.plist";
				LD_RUNPATH_SEARCH_PATHS = "$(inherited) @executable_path/Frameworks @loader_path/Frameworks";
				PRODUCT_BUNDLE_IDENTIFIER = "com.sb.movie-list-tmdbUITests";
				PRODUCT_NAME = "$(TARGET_NAME)";
				SWIFT_VERSION = 3.0;
				TEST_TARGET_NAME = "movie-list-tmdb";
			};
			name = Release;
		};
/* End XCBuildConfiguration section */

/* Begin XCConfigurationList section */
		565FB4491F1B50B200FA5DF1 /* Build configuration list for PBXProject "movie-list-tmdb" */ = {
			isa = XCConfigurationList;
			buildConfigurations = (
				565FB4761F1B50B200FA5DF1 /* Debug */,
				565FB4771F1B50B200FA5DF1 /* Release */,
			);
			defaultConfigurationIsVisible = 0;
			defaultConfigurationName = Release;
		};
		565FB4781F1B50B200FA5DF1 /* Build configuration list for PBXNativeTarget "movie-list-tmdb" */ = {
			isa = XCConfigurationList;
			buildConfigurations = (
				565FB4791F1B50B200FA5DF1 /* Debug */,
				565FB47A1F1B50B200FA5DF1 /* Release */,
			);
			defaultConfigurationIsVisible = 0;
			defaultConfigurationName = Release;
		};
		565FB47B1F1B50B200FA5DF1 /* Build configuration list for PBXNativeTarget "movie-list-tmdbTests" */ = {
			isa = XCConfigurationList;
			buildConfigurations = (
				565FB47C1F1B50B200FA5DF1 /* Debug */,
				565FB47D1F1B50B200FA5DF1 /* Release */,
			);
			defaultConfigurationIsVisible = 0;
			defaultConfigurationName = Release;
		};
		565FB47E1F1B50B200FA5DF1 /* Build configuration list for PBXNativeTarget "movie-list-tmdbUITests" */ = {
			isa = XCConfigurationList;
			buildConfigurations = (
				565FB47F1F1B50B200FA5DF1 /* Debug */,
				565FB4801F1B50B200FA5DF1 /* Release */,
			);
			defaultConfigurationIsVisible = 0;
			defaultConfigurationName = Release;
		};
/* End XCConfigurationList section */
	};
	rootObject = 565FB4461F1B50B200FA5DF1 /* Project object */;
}
